PODS:
  - Flutter (1.0.0)
  - simple_auth_flutter (0.0.1):
    - Flutter

DEPENDENCIES:
  - Flutter (from `.symlinks/flutter/ios`)
  - simple_auth_flutter (from `.symlinks/plugins/simple_auth_flutter/ios`)

EXTERNAL SOURCES:
  Flutter:
    :path: ".symlinks/flutter/ios"
  simple_auth_flutter:
    :path: ".symlinks/plugins/simple_auth_flutter/ios"

SPEC CHECKSUMS:
  Flutter: 0e3d915762c693b495b44d77113d4970485de6ec
  simple_auth_flutter: ec585a6e96b415247120df0a33af43dc1d2a5839

PODFILE CHECKSUM: 1e5af4103afd21ca5ead147d7b81d06f494f51a2

COCOAPODS: 1.8.4
