PODS:
  - Flutter (1.0.0)
  - simple_auth_flutter (0.0.1):
    - Flutter

DEPENDENCIES:
  - Flutter (from `Flutter`)
  - simple_auth_flutter (from `.symlinks/plugins/simple_auth_flutter/ios`)

EXTERNAL SOURCES:
  Flutter:
    :path: Flutter
  simple_auth_flutter:
    :path: ".symlinks/plugins/simple_auth_flutter/ios"

SPEC CHECKSUMS:
  Flutter: 50d75fe2f02b26cc09d224853bb45737f8b3214a
  simple_auth_flutter: ec585a6e96b415247120df0a33af43dc1d2a5839

PODFILE CHECKSUM: 8e679eca47255a8ca8067c4c67aab20e64cb974d

COCOAPODS: 1.11.2
